<?xml version="1.0" encoding="UTF-8" standalone="yes" ?>
<CodeBlocks_project_file>
	<FileVersion major="1" minor="6" />
	<Project>
		<Option title="ReverseEngineering" />
		<Option pch_mode="2" />
		<Option compiler="gcc" />
		<Build>
			<Target title="Release">
				<Option output="../../../output/plugins/reveng.dll" prefix_auto="0" extension_auto="0" />
				<Option object_output=".objsu" />
				<Option type="3" />
				<Option compiler="gcc" />
				<Option createStaticLib="1" />
				<Compiler>
					<Add option="-Wall" />
					<Add option="-O3" />
					<Add option="-fno-strict-aliasing" />
					<Add option="-DWXMAKINGDLL_CD" />
					<Add option="-DWXUSINGDLL" />
					<Add option="-DUNICODE" />
					<Add option="-D_UNICODE" />
					<Add option="-D__WX__" />
					<Add option="-D__WXMSW__" />
					<Add option="-DWIN32" />
					<Add option="-D_WINDOWS" />
					<Add option="-DNDEBUG" />
					<Add directory="." />
					<Add directory="../" />
					<Add directory="../../" />
					<Add directory="$(#WX30.include)" />
					<Add directory="../../controls/include" />
					<Add directory="$(#WX30.lib)/gcc_dll/mswu" />
				</Compiler>
				<Linker>
					<Add option="-s" />
					<Add option="-Wl,-rpath,$``ORIGIN/" />
					<Add library="wxmsw30u_shapeframework_cd" />
					<Add library="cdprojectbase" />
					<Add library="diaguml" />
					<Add library="wxbase30u" />
					<Add library="wxmsw30u_core" />
					<Add directory="../../../output/plugins" />
					<Add directory="../../../output" />
					<Add directory="$(#WX30.lib)/gcc_dll" />
				</Linker>
			</Target>
			<Target title="Debug">
				<Option output="../../../output/plugins/reveng_d.dll" prefix_auto="0" extension_auto="0" />
				<Option object_output=".objsud" />
				<Option type="3" />
				<Option compiler="gcc" />
				<Option createStaticLib="1" />
				<Compiler>
					<Add option="-Wall" />
					<Add option="-g" />
					<Add option="-DWXMAKINGDLL_CD" />
					<Add option="-DWXUSINGDLL" />
					<Add option="-DUNICODE" />
					<Add option="-D_UNICODE" />
					<Add option="-D__WX__" />
					<Add option="-D__WXMSW__" />
					<Add option="-DWIN32" />
					<Add option="-D_WINDOWS" />
					<Add option="-DDEBUG" />
					<Add option="-D_DEBUG" />
					<Add option="-D__WXDEBUG__" />
					<Add option="-O0" />
					<Add directory="." />
					<Add directory="../" />
					<Add directory="../../" />
					<Add directory="$(#WX.include)" />
					<Add directory="../../controls/include" />
					<Add directory="$(#WX.lib)/gcc_dll/mswud" />
				</Compiler>
				<Linker>
					<Add option="-Wl,-rpath,$``ORIGIN/" />
					<Add library="wxmsw30ud_shapeframework_cd" />
					<Add library="cdprojectbase_d" />
					<Add library="diaguml_d" />
					<Add library="wxmsw30ud" />
					<Add directory="../../../output/plugins" />
					<Add directory="../../../output" />
					<Add directory="$(#WX.lib)/gcc_dll" />
				</Linker>
			</Target>
		</Build>
		<Unit filename="RevEng.cpp" />
		<Unit filename="RevEng.h" />
		<Unit filename="gui/GUI.cpp" />
		<Unit filename="gui/GUI.h" />
		<Unit filename="gui/RevEngGUI.fbp" />
		<Unit filename="gui/RevEngPanel.cpp" />
		<Unit filename="gui/RevEngPanel.h" />
		<Unit filename="gui/RevEngPanelFcns.cpp" />
		<Extensions>
			<code_completion />
			<envvars />
			<debugger />
		</Extensions>
	</Project>
</CodeBlocks_project_file>
